{
  "name": "app",
  "lockfileVersion": 2,
  "requires": true,
  "packages": {
    "": {
      "name": "app"
    },
    "../valto": {
      "version": "0.0.0",
      "integrity": "sha512-8seYN2WApxUe354AORtUEmJBmhgZuvyNDy3pp77ZIiTFR9+46UJcoojb4D6T57dh/2XxJy0+yeODDk5EoI/KtQ==",
      "extraneous": true
    }
  }
}
